{
  "version": 1,
  "dependencies": {
    "net8.0": {
      "Microsoft.AspNetCore.Mvc.Testing": {
        "type": "Direct",
        "requested": "[8.0.29, )",
        "resolved": "8.0.29",
        "contentHash": "Meev4QRVYDk6v+8ypWx19ibxvyuB1ivgfH1K/cjvxyWDEsz4EN4NLMr8DA9+vfiVeRl+/YLCuDqNbRLdmHX3uw==",
        "dependencies": {
          "Microsoft.AspNetCore.TestHost": "8.0.29",
          "Microsoft.Extensions.DependencyModel": "8.0.2",
          "Microsoft.Extensions.Hosting": "8.0.1"
        }
      },
      "Microsoft.NET.Test.Sdk": {
        "type": "Direct",
        "requested": "[18.5.1, )",
        "resolved": "18.5.1",
        "contentHash": "SfqVaLiIqAbRWuPg5BP4QFwBIirQj/YIL8Dhxl6zntBKbXp0cQykoV480SmwG+yRMiWptxEI6NbHQuGSZ8b97w==",
        "dependencies": {
          "Microsoft.CodeCoverage": "18.5.1",
          "Microsoft.TestPlatform.TestHost": "18.5.1"
        }
      },
      "xunit.runner.visualstudio": {
        "type": "Direct",
        "requested": "[3.1.5, )",
        "resolved": "3.1.5",
        "contentHash": "tKi7dSTwP4m5m9eXPM2Ime4Kn7xNf4x4zT9sdLO/G4hZVnQCRiMTWoSZqI/pYTVeI27oPPqHBKYI/DjJ9GsYgA=="
      },
      "xunit.v3": {
        "type": "Direct",
        "requested": "[3.2.2, )",
        "resolved": "3.2.2",
        "contentHash": "L+4/4y0Uqcg8/d6hfnxhnwh4j9FaeULvefTwrk30rr1o4n/vdPfyUQ8k0yzH8VJx7bmFEkDdcRfbtbjEHlaYcA==",
        "dependencies": {
          "xunit.v3.mtp-v1": "[3.2.2]"
        }
      },
      "Microsoft.ApplicationInsights": {
        "type": "Transitive",
        "resolved": "2.23.0",
        "contentHash": "nWArUZTdU7iqZLycLKWe0TDms48KKGE6pONH2terYNa8REXiqixrMOkf1sk5DHGMaUTqONU2YkS4SAXBhLStgw==",
        "dependencies": {
          "System.Diagnostics.DiagnosticSource": "5.0.0"
        }
      },
      "Microsoft.AspNetCore.TestHost": {
        "type": "Transitive",
        "resolved": "8.0.29",
        "contentHash": "qVMux+SwfrA6VLDYAOAkJPBpIcS9ro6ajuUQZw/BbSEJpZRHSBjeOa6B4WMTxzxJOz0Un/F/+sXWxo+pVJAyww==",
        "dependencies": {
          "System.IO.Pipelines": "8.0.0"
        }
      },
      "Microsoft.Bcl.AsyncInterfaces": {
        "type": "Transitive",
        "resolved": "6.0.0",
        "contentHash": "UcSjPsst+DfAdJGVDsu346FX0ci0ah+lw3WRtn18NUwEqRt70HaOQ7lI72vy3+1LxtqI3T5GWwV39rQSrCzAeg=="
      },
      "Microsoft.CodeCoverage": {
        "type": "Transitive",
        "resolved": "18.5.1",
        "contentHash": "vMFDR1ZjqzzgKmM0zrPie7Gv9Y+ZppjODB5Quzu9Eq0TlIusUfUCYFPEawO91zQuqwzvdFbJSU7WHNtjStffJQ=="
      },
      "Microsoft.Data.Sqlite.Core": {
        "type": "Transitive",
        "resolved": "9.0.18",
        "contentHash": "2ME/X/d9EG1rIuA9lpCJeGpIydXBgdRSCg2jfzYc4REfUqBwGAfdn8vVEFddGvYMHrp/2LdzIradPYhXBkoXAA==",
        "dependencies": {
          "SQLitePCLRaw.core": "2.1.10"
        }
      },
      "Microsoft.EntityFrameworkCore": {
        "type": "Transitive",
        "resolved": "8.0.29",
        "contentHash": "+4Md9S8HcJEkoatsVTiYrF621StlxS8bpnQMSYYbAVRnMGHWLhtlbgqTYdO8+zxuyIqAjiFAYtWr/oJ9KC7X7Q==",
        "dependencies": {
          "Microsoft.EntityFrameworkCore.Abstractions": "8.0.29",
          "Microsoft.EntityFrameworkCore.Analyzers": "8.0.29",
          "Microsoft.Extensions.Caching.Memory": "8.0.1",
          "Microsoft.Extensions.Logging": "8.0.1"
        }
      },
      "Microsoft.EntityFrameworkCore.Abstractions": {
        "type": "Transitive",
        "resolved": "8.0.29",
        "contentHash": "z5JLj2mWCuxnhP7oP9udaHxOK5FQWPpvjXeTmCMjRRCYZ1k+gUlb9Vznx2LHSFXww4ZHjztKbxezNTTu/T6znw=="
      },
      "Microsoft.EntityFrameworkCore.Analyzers": {
        "type": "Transitive",
        "resolved": "8.0.29",
        "contentHash": "rC/q2K3JGSKJpEraRDRJ3NUOH4e+CpwwCIbbKGXi87J6LuGdIg0+yggCSPCmV2PwSSlegZSg+le++O4IBRecLA=="
      },
      "Microsoft.EntityFrameworkCore.Relational": {
        "type": "Transitive",
        "resolved": "9.0.18",
        "contentHash": "kn6DongUAVevGsydWJdJUB0N6QamtwyDjhwrbV8Yrfs84i5rcEj5SY+3eyPzAInzd1icrZBd7A+r0yEpULkjEg==",
        "dependencies": {
          "Microsoft.EntityFrameworkCore": "9.0.18",
          "Microsoft.Extensions.Caching.Memory": "9.0.18",
          "Microsoft.Extensions.Configuration.Abstractions": "9.0.18",
          "Microsoft.Extensions.Logging": "9.0.18"
        }
      },
      "Microsoft.EntityFrameworkCore.Sqlite": {
        "type": "Transitive",
        "resolved": "9.0.18",
        "contentHash": "EXKh713SdpKsJAd0PCNWfcZ23Dh8AKOy4PCNK29FXhC4Ag8t/h1e4ZoaoQyzWO17jRiSiddXXZIoPzw6z/gf+Q==",
        "dependencies": {
          "Microsoft.EntityFrameworkCore.Sqlite.Core": "9.0.18",
          "Microsoft.Extensions.Caching.Memory": "9.0.18",
          "Microsoft.Extensions.Configuration.Abstractions": "9.0.18",
          "Microsoft.Extensions.DependencyModel": "9.0.18",
          "Microsoft.Extensions.Logging": "9.0.18",
          "SQLitePCLRaw.bundle_e_sqlite3": "2.1.10",
          "SQLitePCLRaw.core": "2.1.10",
          "System.Text.Json": "9.0.18"
        }
      },
      "Microsoft.EntityFrameworkCore.Sqlite.Core": {
        "type": "Transitive",
        "resolved": "9.0.18",
        "contentHash": "MK3PMGOmNbhUJSh5tewYuDa0w0zz2TX/naZoyasTae14C5XxhzuKA6rDBeKCct0lHIPMEGnCcCk2Alf7nmS3ag==",
        "dependencies": {
          "Microsoft.Data.Sqlite.Core": "9.0.18",
          "Microsoft.EntityFrameworkCore.Relational": "9.0.18",
          "Microsoft.Extensions.Caching.Memory": "9.0.18",
          "Microsoft.Extensions.Configuration.Abstractions": "9.0.18",
          "Microsoft.Extensions.DependencyModel": "9.0.18",
          "Microsoft.Extensions.Logging": "9.0.18",
          "SQLitePCLRaw.core": "2.1.10",
          "System.Text.Json": "9.0.18"
        }
      },
      "Microsoft.Extensions.ApiDescription.Server": {
        "type": "Transitive",
        "resolved": "6.0.5",
        "contentHash": "Ckb5EDBUNJdFWyajfXzUIMRkhf52fHZOQuuZg/oiu8y7zDCVwD0iHhew6MnThjHmevanpxL3f5ci2TtHQEN6bw=="
      },
      "Microsoft.Extensions.Caching.Abstractions": {
        "type": "Transitive",
        "resolved": "9.0.18",
        "contentHash": "Y8PnPKq+ASBazn0QA5d98/dWT0MAfv9CJYV6zPZ/TisZpAUe5zWgKldJLXkrmUuIzvUpQS7/SF7+1dld3OP/EQ==",
        "dependencies": {
          "Microsoft.Extensions.Primitives": "9.0.18"
        }
      },
      "Microsoft.Extensions.Caching.Memory": {
        "type": "Transitive",
        "resolved": "9.0.18",
        "contentHash": "ZQ+x93CRR8DOGT+YPP4YXvwTAJ0MfvAghs5cwCSvtZFiORSfprAw9f67d0QDhf6PCIYyFsMKFB+PI3p9lpiMUQ==",
        "dependencies": {
          "Microsoft.Extensions.Caching.Abstractions": "9.0.18",
          "Microsoft.Extensions.DependencyInjection.Abstractions": "9.0.18",
          "Microsoft.Extensions.Logging.Abstractions": "9.0.18",
          "Microsoft.Extensions.Options": "9.0.18",
          "Microsoft.Extensions.Primitives": "9.0.18"
        }
      },
      "Microsoft.Extensions.Configuration": {
        "type": "Transitive",
        "resolved": "8.0.0",
        "contentHash": "0J/9YNXTMWSZP2p2+nvl8p71zpSwokZXZuJW+VjdErkegAnFdO1XlqtA62SJtgVYHdKu3uPxJHcMR/r35HwFBA==",
        "dependencies": {
          "Microsoft.Extensions.Configuration.Abstractions": "8.0.0",
          "Microsoft.Extensions.Primitives": "8.0.0"
        }
      },
      "Microsoft.Extensions.Configuration.Abstractions": {
        "type": "Transitive",
        "resolved": "9.0.18",
        "contentHash": "jgC5SZeK94t8DXl836ifIM5gScNqknkOwISrY503eWg7AHBrv+fnwty+C9n35H4WvBjs8OY21jPlRRf7ESBK/g==",
        "dependencies": {
          "Microsoft.Extensions.Primitives": "9.0.18"
        }
      },
      "Microsoft.Extensions.Configuration.Binder": {
        "type": "Transitive",
        "resolved": "8.0.2",
        "contentHash": "7IQhGK+wjyGrNsPBjJcZwWAr+Wf6D4+TwOptUt77bWtgNkiV8tDEbhFS+dDamtQFZ2X7kWG9m71iZQRj2x3zgQ==",
        "dependencies": {
          "Microsoft.Extensions.Configuration.Abstractions": "8.0.0"
        }
      },
      "Microsoft.Extensions.Configuration.CommandLine": {
        "type": "Transitive",
        "resolved": "8.0.0",
        "contentHash": "NZuZMz3Q8Z780nKX3ifV1fE7lS+6pynDHK71OfU4OZ1ItgvDOhyOC7E6z+JMZrAj63zRpwbdldYFk499t3+1dQ==",
        "dependencies": {
          "Microsoft.Extensions.Configuration": "8.0.0",
          "Microsoft.Extensions.Configuration.Abstractions": "8.0.0"
        }
      },
      "Microsoft.Extensions.Configuration.EnvironmentVariables": {
        "type": "Transitive",
        "resolved": "8.0.0",
        "contentHash": "plvZ0ZIpq+97gdPNNvhwvrEZ92kNml9hd1pe3idMA7svR0PztdzVLkoWLcRFgySYXUJc3kSM3Xw3mNFMo/bxRA==",
        "dependencies": {
          "Microsoft.Extensions.Configuration": "8.0.0",
          "Microsoft.Extensions.Configuration.Abstractions": "8.0.0"
        }
      },
      "Microsoft.Extensions.Configuration.FileExtensions": {
        "type": "Transitive",
        "resolved": "8.0.1",
        "contentHash": "EJzSNO9oaAXnTdtdNO6npPRsIIeZCBSNmdQ091VDO7fBiOtJAAeEq6dtrVXIi3ZyjC5XRSAtVvF8SzcneRHqKQ==",
        "dependencies": {
          "Microsoft.Extensions.Configuration": "8.0.0",
          "Microsoft.Extensions.Configuration.Abstractions": "8.0.0",
          "Microsoft.Extensions.FileProviders.Abstractions": "8.0.0",
          "Microsoft.Extensions.FileProviders.Physical": "8.0.0",
          "Microsoft.Extensions.Primitives": "8.0.0"
        }
      },
      "Microsoft.Extensions.Configuration.Json": {
        "type": "Transitive",
        "resolved": "8.0.1",
        "contentHash": "L89DLNuimOghjV3tLx0ArFDwVEJD6+uGB3BMCMX01kaLzXkaXHb2021xOMl2QOxUxbdePKUZsUY7n2UUkycjRg==",
        "dependencies": {
          "Microsoft.Extensions.Configuration": "8.0.0",
          "Microsoft.Extensions.Configuration.Abstractions": "8.0.0",
          "Microsoft.Extensions.Configuration.FileExtensions": "8.0.1",
          "Microsoft.Extensions.FileProviders.Abstractions": "8.0.0"
        }
      },
      "Microsoft.Extensions.Configuration.UserSecrets": {
        "type": "Transitive",
        "resolved": "8.0.1",
        "contentHash": "7tYqdPPpAK+3jO9d5LTuCK2VxrEdf85Ol4trUr6ds4jclBecadWZ/RyPCbNjfbN5iGTfUnD/h65TOQuqQv2c+A==",
        "dependencies": {
          "Microsoft.Extensions.Configuration.Abstractions": "8.0.0",
          "Microsoft.Extensions.Configuration.Json": "8.0.1",
          "Microsoft.Extensions.FileProviders.Abstractions": "8.0.0",
          "Microsoft.Extensions.FileProviders.Physical": "8.0.0"
        }
      },
      "Microsoft.Extensions.DependencyInjection": {
        "type": "Transitive",
        "resolved": "9.0.18",
        "contentHash": "xPoYhpBypsweLpZ29GPp6Kv6g1fZMUwJ800D/xO7ASuNn5zx0BNIP600wXXhbPNeO8kKngFRtoWplRffxBUDgw==",
        "dependencies": {
          "Microsoft.Extensions.DependencyInjection.Abstractions": "9.0.18"
        }
      },
      "Microsoft.Extensions.DependencyInjection.Abstractions": {
        "type": "Transitive",
        "resolved": "9.0.18",
        "contentHash": "eSUdaLUP+pj1J7SpCsUYQP6dNk0w9g0KGu4ovPYBnlfqomW1u+1fF8ZIjMVuHY6Z3p30yL0SxND9JTS6i3NolQ=="
      },
      "Microsoft.Extensions.DependencyModel": {
        "type": "Transitive",
        "resolved": "9.0.18",
        "contentHash": "uv+aDeo/9tDFxb5ykdU9WTPYDOzeFK53m51QbYHaWe7IvPRMSyMDUlDDXSRYJ2aPNWAE5ISPjvvHQL9UlQS+vw==",
        "dependencies": {
          "System.Text.Encodings.Web": "9.0.18",
          "System.Text.Json": "9.0.18"
        }
      },
      "Microsoft.Extensions.Diagnostics": {
        "type": "Transitive",
        "resolved": "8.0.1",
        "contentHash": "doVPCUUCY7c6LhBsEfiy3W1bvS7Mi6LkfQMS8nlC22jZWNxBv8VO8bdfeyvpYFst6Kxqk7HBC6lytmEoBssvSQ==",
        "dependencies": {
          "Microsoft.Extensions.Configuration": "8.0.0",
          "Microsoft.Extensions.Diagnostics.Abstractions": "8.0.1",
          "Microsoft.Extensions.Options.ConfigurationExtensions": "8.0.0"
        }
      },
      "Microsoft.Extensions.Diagnostics.Abstractions": {
        "type": "Transitive",
        "resolved": "8.0.1",
        "contentHash": "elH2vmwNmsXuKmUeMQ4YW9ldXiF+gSGDgg1vORksob5POnpaI6caj1Hu8zaYbEuibhqCoWg0YRWDazBY3zjBfg==",
        "dependencies": {
          "Microsoft.Extensions.DependencyInjection.Abstractions": "8.0.2",
          "Microsoft.Extensions.Options": "8.0.2"
        }
      },
      "Microsoft.Extensions.FileProviders.Abstractions": {
        "type": "Transitive",
        "resolved": "8.0.0",
        "contentHash": "ZbaMlhJlpisjuWbvXr4LdAst/1XxH3vZ6A0BsgTphZ2L4PGuxRLz7Jr/S7mkAAnOn78Vu0fKhEgNF5JO3zfjqQ==",
        "dependencies": {
          "Microsoft.Extensions.Primitives": "8.0.0"
        }
      },
      "Microsoft.Extensions.FileProviders.Physical": {
        "type": "Transitive",
        "resolved": "8.0.0",
        "contentHash": "UboiXxpPUpwulHvIAVE36Knq0VSHaAmfrFkegLyBZeaADuKezJ/AIXYAW8F5GBlGk/VaibN2k/Zn1ca8YAfVdA==",
        "dependencies": {
          "Microsoft.Extensions.FileProviders.Abstractions": "8.0.0",
          "Microsoft.Extensions.FileSystemGlobbing": "8.0.0",
          "Microsoft.Extensions.Primitives": "8.0.0"
        }
      },
      "Microsoft.Extensions.FileSystemGlobbing": {
        "type": "Transitive",
        "resolved": "8.0.0",
        "contentHash": "OK+670i7esqlQrPjdIKRbsyMCe9g5kSLpRRQGSr4Q58AOYEe/hCnfLZprh7viNisSUUQZmMrbbuDaIrP+V1ebQ=="
      },
      "Microsoft.Extensions.Hosting": {
        "type": "Transitive",
        "resolved": "8.0.1",
        "contentHash": "bP9EEkHBEfjgYiG8nUaXqMk/ujwJrffOkNPP7onpRMO8R+OUSESSP4xHkCAXgYZ1COP2Q9lXlU5gkMFh20gRuw==",
        "dependencies": {
          "Microsoft.Extensions.Configuration": "8.0.0",
          "Microsoft.Extensions.Configuration.Abstractions": "8.0.0",
          "Microsoft.Extensions.Configuration.Binder": "8.0.2",
          "Microsoft.Extensions.Configuration.CommandLine": "8.0.0",
          "Microsoft.Extensions.Configuration.EnvironmentVariables": "8.0.0",
          "Microsoft.Extensions.Configuration.FileExtensions": "8.0.1",
          "Microsoft.Extensions.Configuration.Json": "8.0.1",
          "Microsoft.Extensions.Configuration.UserSecrets": "8.0.1",
          "Microsoft.Extensions.DependencyInjection": "8.0.1",
          "Microsoft.Extensions.DependencyInjection.Abstractions": "8.0.2",
          "Microsoft.Extensions.Diagnostics": "8.0.1",
          "Microsoft.Extensions.FileProviders.Abstractions": "8.0.0",
          "Microsoft.Extensions.FileProviders.Physical": "8.0.0",
          "Microsoft.Extensions.Hosting.Abstractions": "8.0.1",
          "Microsoft.Extensions.Logging": "8.0.1",
          "Microsoft.Extensions.Logging.Abstractions": "8.0.2",
          "Microsoft.Extensions.Logging.Configuration": "8.0.1",
          "Microsoft.Extensions.Logging.Console": "8.0.1",
          "Microsoft.Extensions.Logging.Debug": "8.0.1",
          "Microsoft.Extensions.Logging.EventLog": "8.0.1",
          "Microsoft.Extensions.Logging.EventSource": "8.0.1",
          "Microsoft.Extensions.Options": "8.0.2"
        }
      },
      "Microsoft.Extensions.Hosting.Abstractions": {
        "type": "Transitive",
        "resolved": "8.0.1",
        "contentHash": "nHwq9aPBdBPYXPti6wYEEfgXddfBrYC+CQLn+qISiwQq5tpfaqDZSKOJNxoe9rfQxGf1c+2wC/qWFe1QYJPYqw==",
        "dependencies": {
          "Microsoft.Extensions.Configuration.Abstractions": "8.0.0",
          "Microsoft.Extensions.DependencyInjection.Abstractions": "8.0.2",
          "Microsoft.Extensions.Diagnostics.Abstractions": "8.0.1",
          "Microsoft.Extensions.FileProviders.Abstractions": "8.0.0",
          "Microsoft.Extensions.Logging.Abstractions": "8.0.2"
        }
      },
      "Microsoft.Extensions.Logging": {
        "type": "Transitive",
        "resolved": "9.0.18",
        "contentHash": "LuOCZhcJ4TeCLE99TRqI1FHReB29G7bAPInrAAG3E85/S+E4mcrmaoeoXLnOUi6DEosx87pauyFNICdiFIFqkA==",
        "dependencies": {
          "Microsoft.Extensions.DependencyInjection": "9.0.18",
          "Microsoft.Extensions.Logging.Abstractions": "9.0.18",
          "Microsoft.Extensions.Options": "9.0.18"
        }
      },
      "Microsoft.Extensions.Logging.Abstractions": {
        "type": "Transitive",
        "resolved": "9.0.18",
        "contentHash": "uzNHNdNZJTHACwFkWclx8s5GXLjGacJj4QwBQZ/6BeixTJjlHmNESIK738iPFLPkO8jWsENLUcUW/kAPe0b8ew==",
        "dependencies": {
          "Microsoft.Extensions.DependencyInjection.Abstractions": "9.0.18",
          "System.Diagnostics.DiagnosticSource": "9.0.18"
        }
      },
      "Microsoft.Extensions.Logging.Configuration": {
        "type": "Transitive",
        "resolved": "8.0.1",
        "contentHash": "QWwTrsgOnJMmn+XUslm8D2H1n3PkP/u/v52FODtyBc/k4W9r3i2vcXXeeX/upnzllJYRRbrzVzT0OclfNJtBJA==",
        "dependencies": {
          "Microsoft.Extensions.Configuration": "8.0.0",
          "Microsoft.Extensions.Configuration.Abstractions": "8.0.0",
          "Microsoft.Extensions.Configuration.Binder": "8.0.2",
          "Microsoft.Extensions.DependencyInjection.Abstractions": "8.0.2",
          "Microsoft.Extensions.Logging": "8.0.1",
          "Microsoft.Extensions.Logging.Abstractions": "8.0.2",
          "Microsoft.Extensions.Options": "8.0.2",
          "Microsoft.Extensions.Options.ConfigurationExtensions": "8.0.0"
        }
      },
      "Microsoft.Extensions.Logging.Console": {
        "type": "Transitive",
        "resolved": "8.0.1",
        "contentHash": "uzcg/5U2eLyn5LIKlERkdSxw6VPC1yydnOSQiRRWGBGN3kphq3iL4emORzrojScDmxRhv49gp5BI8U3Dz7y4iA==",
        "dependencies": {
          "Microsoft.Extensions.DependencyInjection.Abstractions": "8.0.2",
          "Microsoft.Extensions.Logging": "8.0.1",
          "Microsoft.Extensions.Logging.Abstractions": "8.0.2",
          "Microsoft.Extensions.Logging.Configuration": "8.0.1",
          "Microsoft.Extensions.Options": "8.0.2"
        }
      },
      "Microsoft.Extensions.Logging.Debug": {
        "type": "Transitive",
        "resolved": "8.0.1",
        "contentHash": "B8hqNuYudC2RB+L/DI33uO4rf5by41fZVdcVL2oZj0UyoAZqnwTwYHp1KafoH4nkl1/23piNeybFFASaV2HkFg==",
        "dependencies": {
          "Microsoft.Extensions.DependencyInjection.Abstractions": "8.0.2",
          "Microsoft.Extensions.Logging": "8.0.1",
          "Microsoft.Extensions.Logging.Abstractions": "8.0.2"
        }
      },
      "Microsoft.Extensions.Logging.EventLog": {
        "type": "Transitive",
        "resolved": "8.0.1",
        "contentHash": "ZD1m4GXoxcZeDJIq8qePKj+QAWeQNO/OG8skvrOG8RQfxLp9MAKRoliTc27xanoNUzeqvX5HhS/I7c0BvwAYUg==",
        "dependencies": {
          "Microsoft.Extensions.DependencyInjection.Abstractions": "8.0.2",
          "Microsoft.Extensions.Logging": "8.0.1",
          "Microsoft.Extensions.Logging.Abstractions": "8.0.2",
          "Microsoft.Extensions.Options": "8.0.2",
          "System.Diagnostics.EventLog": "8.0.1"
        }
      },
      "Microsoft.Extensions.Logging.EventSource": {
        "type": "Transitive",
        "resolved": "8.0.1",
        "contentHash": "YMXMAla6B6sEf/SnfZYTty633Ool3AH7KOw2LOaaEqwSo2piK4f7HMtzyc3CNiipDnq1fsUSuG5Oc7ZzpVy8WQ==",
        "dependencies": {
          "Microsoft.Extensions.DependencyInjection.Abstractions": "8.0.2",
          "Microsoft.Extensions.Logging": "8.0.1",
          "Microsoft.Extensions.Logging.Abstractions": "8.0.2",
          "Microsoft.Extensions.Options": "8.0.2",
          "Microsoft.Extensions.Primitives": "8.0.0"
        }
      },
      "Microsoft.Extensions.Options": {
        "type": "Transitive",
        "resolved": "9.0.18",
        "contentHash": "HiA/R0jGR10TGuR6coM8KMUdJ5YlP3bhGxqEdGLkxFdBV1EFNdZMAajSEZHwkex4X/iMQwRCQVotqpElcxOImg==",
        "dependencies": {
          "Microsoft.Extensions.DependencyInjection.Abstractions": "9.0.18",
          "Microsoft.Extensions.Primitives": "9.0.18"
        }
      },
      "Microsoft.Extensions.Options.ConfigurationExtensions": {
        "type": "Transitive",
        "resolved": "8.0.0",
        "contentHash": "0f4DMRqEd50zQh+UyJc+/HiBsZ3vhAQALgdkcQEalSH1L2isdC7Yj54M3cyo5e+BeO5fcBQ7Dxly8XiBBcvRgw==",
        "dependencies": {
          "Microsoft.Extensions.Configuration.Abstractions": "8.0.0",
          "Microsoft.Extensions.Configuration.Binder": "8.0.0",
          "Microsoft.Extensions.DependencyInjection.Abstractions": "8.0.0",
          "Microsoft.Extensions.Options": "8.0.0",
          "Microsoft.Extensions.Primitives": "8.0.0"
        }
      },
      "Microsoft.Extensions.Primitives": {
        "type": "Transitive",
        "resolved": "9.0.18",
        "contentHash": "hfHudMC5zDlwMrC0HiHOJesSHMvM+CdqjomjcV/YVzFq5dfSpBRvyRLm1n1Bfh41ZpQnyJzqX+YEo95BAmcDAQ=="
      },
      "Microsoft.NETCore.Platforms": {
        "type": "Transitive",
        "resolved": "5.0.0",
        "contentHash": "VyPlqzH2wavqquTcYpkIIAQ6WdenuKoFN0BdYBbCWsclXacSOHNQn66Gt4z5NBqEYW0FAPm5rlvki9ZiCij5xQ=="
      },
      "Microsoft.OpenApi": {
        "type": "Transitive",
        "resolved": "1.6.23",
        "contentHash": "tZ1I0KXnn98CWuV8cpI247A17jaY+ILS9vvF7yhI0uPPEqF4P1d7BWL5Uwtel10w9NucllHB3nTkfYTAcHAh8g=="
      },
      "Microsoft.Testing.Extensions.Telemetry": {
        "type": "Transitive",
        "resolved": "1.9.1",
        "contentHash": "No5AudZMmSb+uNXjlgL2y3/stHD2IT4uxqc5yHwkE+/nNux9jbKcaJMvcp9SwgP4DVD8L9/P3OUz8mmmcvEIdQ==",
        "dependencies": {
          "Microsoft.ApplicationInsights": "2.23.0",
          "Microsoft.Testing.Platform": "1.9.1"
        }
      },
      "Microsoft.Testing.Extensions.TrxReport.Abstractions": {
        "type": "Transitive",
        "resolved": "1.9.1",
        "contentHash": "AL46Xe1WBi85Ntd4mNPvat5ZSsZ2uejiVqoKCypr8J3wK0elA5xJ3AN4G/Q4GIwzUFnggZoH/DBjnr9J18IO/g==",
        "dependencies": {
          "Microsoft.Testing.Platform": "1.9.1"
        }
      },
      "Microsoft.Testing.Platform": {
        "type": "Transitive",
        "resolved": "1.9.1",
        "contentHash": "QafNtNSmEI0zazdebnsIkDKmFtTSpmx/5PLOjURWwozcPb3tvRxzosQSL8xwYNM1iPhhKiBksXZyRSE2COisrA=="
      },
      "Microsoft.Testing.Platform.MSBuild": {
        "type": "Transitive",
        "resolved": "1.9.1",
        "contentHash": "oTUtyR4X/s9ytuiNA29FGsNCCH0rNmY5Wdm14NCKLjTM1cT9edVSlA+rGS/mVmusPqcP0l/x9qOnMXg16v87RQ==",
        "dependencies": {
          "Microsoft.Testing.Platform": "1.9.1"
        }
      },
      "Microsoft.TestPlatform.ObjectModel": {
        "type": "Transitive",
        "resolved": "18.5.1",
        "contentHash": "KNZd+M0S0rz5eNAln0pbZX+A/RbokYZCbGKx4fN4CkhtWhkz6nSJDO+9LGYjRE4d0WPVriJ2JnVubkjt3+PpMg==",
        "dependencies": {
          "System.Reflection.Metadata": "8.0.0"
        }
      },
      "Microsoft.TestPlatform.TestHost": {
        "type": "Transitive",
        "resolved": "18.5.1",
        "contentHash": "RM+3JNHEoHOCFXzVntUcIiYxzPjzBN0N8wto6HYXi76YyBTZ/3CeRL8U+Pk5zx3AUrOmHxDvKJwGUCdElU9bJg==",
        "dependencies": {
          "Microsoft.TestPlatform.ObjectModel": "18.5.1",
          "Newtonsoft.Json": "13.0.3"
        }
      },
      "Microsoft.Win32.Registry": {
        "type": "Transitive",
        "resolved": "5.0.0",
        "contentHash": "dDoKi0PnDz31yAyETfRntsLArTlVAVzUzCIvvEDsDsucrl33Dl8pIJG06ePTJTI3tGpeyHS9Cq7Foc/s4EeKcg==",
        "dependencies": {
          "System.Security.AccessControl": "5.0.0",
          "System.Security.Principal.Windows": "5.0.0"
        }
      },
      "Newtonsoft.Json": {
        "type": "Transitive",
        "resolved": "13.0.3",
        "contentHash": "HrC5BXdl00IP9zeV+0Z848QWPAoCr9P3bDEZguI+gkLcBKAOxix/tLEAAHC+UvDNPv4a2d18lOReHMOagPa+zQ=="
      },
      "Serilog": {
        "type": "Transitive",
        "resolved": "4.2.0",
        "contentHash": "gmoWVOvKgbME8TYR+gwMf7osROiWAURterc6Rt2dQyX7wtjZYpqFiA/pY6ztjGQKKV62GGCyOcmtP1UKMHgSmA=="
      },
      "Serilog.AspNetCore": {
        "type": "Transitive",
        "resolved": "8.0.3",
        "contentHash": "Y5at41mc0OV982DEJslBKHd6uzcWO6POwR3QceJ6gtpMPxCzm4+FElGPF0RdaTD7MGsP6XXE05LMbSi0NO+sXg==",
        "dependencies": {
          "Microsoft.Extensions.Logging": "8.0.0",
          "Serilog": "3.1.1",
          "Serilog.Extensions.Hosting": "8.0.0",
          "Serilog.Formatting.Compact": "2.0.0",
          "Serilog.Settings.Configuration": "8.0.4",
          "Serilog.Sinks.Console": "5.0.0",
          "Serilog.Sinks.Debug": "2.0.0",
          "Serilog.Sinks.File": "5.0.0"
        }
      },
      "Serilog.Extensions.Hosting": {
        "type": "Transitive",
        "resolved": "8.0.0",
        "contentHash": "db0OcbWeSCvYQkHWu6n0v40N4kKaTAXNjlM3BKvcbwvNzYphQFcBR+36eQ/7hMMwOkJvAyLC2a9/jNdUL5NjtQ==",
        "dependencies": {
          "Microsoft.Extensions.DependencyInjection.Abstractions": "8.0.0",
          "Microsoft.Extensions.Hosting.Abstractions": "8.0.0",
          "Microsoft.Extensions.Logging.Abstractions": "8.0.0",
          "Serilog": "3.1.1",
          "Serilog.Extensions.Logging": "8.0.0"
        }
      },
      "Serilog.Extensions.Logging": {
        "type": "Transitive",
        "resolved": "8.0.0",
        "contentHash": "YEAMWu1UnWgf1c1KP85l1SgXGfiVo0Rz6x08pCiPOIBt2Qe18tcZLvdBUuV5o1QHvrs8FAry9wTIhgBRtjIlEg==",
        "dependencies": {
          "Microsoft.Extensions.Logging": "8.0.0",
          "Serilog": "3.1.1"
        }
      },
      "Serilog.Formatting.Compact": {
        "type": "Transitive",
        "resolved": "2.0.0",
        "contentHash": "ob6z3ikzFM3D1xalhFuBIK1IOWf+XrQq+H4KeH4VqBcPpNcmUgZlRQ2h3Q7wvthpdZBBoY86qZOI2LCXNaLlNA==",
        "dependencies": {
          "Serilog": "3.1.0"
        }
      },
      "Serilog.Settings.Configuration": {
        "type": "Transitive",
        "resolved": "8.0.4",
        "contentHash": "pkxvq0umBKK8IKFJc1aV5S/HGRG/NIxJ6FV42KaTPLfDmBOAbBUB1m5gqqlGxzEa1MgDDWtQlWJdHTSxVWNx+Q==",
        "dependencies": {
          "Microsoft.Extensions.Configuration.Binder": "8.0.0",
          "Microsoft.Extensions.DependencyModel": "8.0.2",
          "Serilog": "3.1.1"
        }
      },
      "Serilog.Sinks.Console": {
        "type": "Transitive",
        "resolved": "6.1.1",
        "contentHash": "8jbqgjUyZlfCuSTaJk6lOca465OndqOz3KZP6Cryt/IqZYybyBu7GP0fE/AXBzrrQB3EBmQntBFAvMVz1COvAA==",
        "dependencies": {
          "Serilog": "4.0.0"
        }
      },
      "Serilog.Sinks.Debug": {
        "type": "Transitive",
        "resolved": "2.0.0",
        "contentHash": "Y6g3OBJ4JzTyyw16fDqtFcQ41qQAydnEvEqmXjhwhgjsnG/FaJ8GUqF5ldsC/bVkK8KYmqrPhDO+tm4dF6xx4A==",
        "dependencies": {
          "Serilog": "2.10.0"
        }
      },
      "Serilog.Sinks.File": {
        "type": "Transitive",
        "resolved": "7.0.0",
        "contentHash": "fKL7mXv7qaiNBUC71ssvn/dU0k9t0o45+qm2XgKAlSt19xF+ijjxyA3R6HmCgfKEKwfcfkwWjayuQtRueZFkYw==",
        "dependencies": {
          "Serilog": "4.2.0"
        }
      },
      "SQLitePCLRaw.bundle_e_sqlite3": {
        "type": "Transitive",
        "resolved": "2.1.12",
        "contentHash": "mAgscpQMLw5/nfA1Q5oJVAT29yROUo1ifZGbbTpx/lwZpSxMUGoYbKfmvdm8oXER+RzxqBmmQzeBEVKfeHv2nw==",
        "dependencies": {
          "SQLitePCLRaw.lib.e_sqlite3": "2.1.12",
          "SQLitePCLRaw.provider.e_sqlite3": "2.1.12"
        }
      },
      "SQLitePCLRaw.core": {
        "type": "Transitive",
        "resolved": "2.1.12",
        "contentHash": "ETpNw9DY3ckWLgRRAeCHj+GKOuPi61aeczkXhgHexUvqoZBAYg8RYESE2J7O1M7+o6QbdSEZwrw9bfqztUVWXg==",
        "dependencies": {
          "System.Memory": "4.5.3"
        }
      },
      "SQLitePCLRaw.lib.e_sqlite3": {
        "type": "Transitive",
        "resolved": "2.1.12",
        "contentHash": "fWi8Dbknuhgg72fWinIdjXVaqO1hHL4YBBwVLnr7e1c9TAZwJ0QE38j9syW1hwx6HaqEVTwI+O07WPdZn8Rp0w=="
      },
      "SQLitePCLRaw.provider.e_sqlite3": {
        "type": "Transitive",
        "resolved": "2.1.12",
        "contentHash": "W3oH4XIfCzFrgUSDKHhN6N+dgzA5YHOR2VxX8GB6Qy7CyrJJgxPEG8NirgYWlPQC5P2jz2knSsexWu4tDUL33g==",
        "dependencies": {
          "SQLitePCLRaw.core": "2.1.12"
        }
      },
      "Swashbuckle.AspNetCore": {
        "type": "Transitive",
        "resolved": "8.1.4",
        "contentHash": "qYk8VHyvs6wML+KXtjyCgS9Aj18mcm0ZtnJeNCTlj/DYQ7A3pfLIztQgLuZS/LEMYsrTo1lSKR3IIZ5/HzVCWA==",
        "dependencies": {
          "Microsoft.Extensions.ApiDescription.Server": "6.0.5",
          "Swashbuckle.AspNetCore.Swagger": "8.1.4",
          "Swashbuckle.AspNetCore.SwaggerGen": "8.1.4",
          "Swashbuckle.AspNetCore.SwaggerUI": "8.1.4"
        }
      },
      "Swashbuckle.AspNetCore.Swagger": {
        "type": "Transitive",
        "resolved": "8.1.4",
        "contentHash": "w83aYEBJYNa6ZYomziwZWwXhqQPLKhZH0n8MzqqNhF1ElCGBKm71kd7W6pgIr/yu0i6ymQzrZUFSZLdvH1kY5w==",
        "dependencies": {
          "Microsoft.OpenApi": "1.6.23"
        }
      },
      "Swashbuckle.AspNetCore.SwaggerGen": {
        "type": "Transitive",
        "resolved": "8.1.4",
        "contentHash": "aBwO2MF1HHAaWgdBwX8tlSqxycOKTKmCT6pEpb0oSY1pn7mUdmzJvHZA0HxWx9nfmKP0eOGQcLC9ZnN/MuehRQ==",
        "dependencies": {
          "Swashbuckle.AspNetCore.Swagger": "8.1.4"
        }
      },
      "Swashbuckle.AspNetCore.SwaggerUI": {
        "type": "Transitive",
        "resolved": "8.1.4",
        "contentHash": "mTn6OwB43ETrN6IgAZd7ojWGhTwBZ98LT3QwbAn6Gg3wJStQV4znU0mWiHaKFlD/+Qhj1uhAUOa52rmd6xmbzg=="
      },
      "System.Collections.Immutable": {
        "type": "Transitive",
        "resolved": "8.0.0",
        "contentHash": "AurL6Y5BA1WotzlEvVaIDpqzpIPvYnnldxru8oXJU2yFxFUy3+pNXjXd1ymO+RA0rq0+590Q8gaz2l3Sr7fmqg=="
      },
      "System.Diagnostics.DiagnosticSource": {
        "type": "Transitive",
        "resolved": "9.0.18",
        "contentHash": "zXv17I0lirlmcrLyvSYUHYpXDh/pJ54QfKI96/132KEMsgaG2m61UisI9CJrayZq1mRQL1u4T2ri6eVM6auhPg=="
      },
      "System.Diagnostics.EventLog": {
        "type": "Transitive",
        "resolved": "8.0.1",
        "contentHash": "n1ZP7NM2Gkn/MgD8+eOT5MulMj6wfeQMNS2Pizvq5GHCZfjlFMXV2irQlQmJhwA2VABC57M0auudO89Iu2uRLg=="
      },
      "System.IO.Pipelines": {
        "type": "Transitive",
        "resolved": "9.0.18",
        "contentHash": "9AcBFLF9KZpCiv+xTN8emSsiF1FEq/DdswZrJgqlf37dKThJSXwCQ1QUfH24+k9X89C80CI0IQCZatdg0yj3Jw=="
      },
      "System.Memory": {
        "type": "Transitive",
        "resolved": "4.5.3",
        "contentHash": "3oDzvc/zzetpTKWMShs1AADwZjQ/36HnsufHRPcOjyRAAMLDlu2iD33MBI2opxnezcVUtXyqDXXjoFMOU9c7SA=="
      },
      "System.Reflection.Metadata": {
        "type": "Transitive",
        "resolved": "8.0.0",
        "contentHash": "ptvgrFh7PvWI8bcVqG5rsA/weWM09EnthFHR5SCnS6IN+P4mj6rE1lBDC4U8HL9/57htKAqy4KQ3bBj84cfYyQ==",
        "dependencies": {
          "System.Collections.Immutable": "8.0.0"
        }
      },
      "System.Security.AccessControl": {
        "type": "Transitive",
        "resolved": "5.0.0",
        "contentHash": "dagJ1mHZO3Ani8GH0PHpPEe/oYO+rVdbQjvjJkBRNQkX4t0r1iaeGn8+/ybkSLEan3/slM0t59SVdHzuHf2jmw==",
        "dependencies": {
          "Microsoft.NETCore.Platforms": "5.0.0",
          "System.Security.Principal.Windows": "5.0.0"
        }
      },
      "System.Security.Principal.Windows": {
        "type": "Transitive",
        "resolved": "5.0.0",
        "contentHash": "t0MGLukB5WAVU9bO3MGzvlGnyJPgUlcwerXn1kzBRjwLKixT96XV0Uza41W49gVd8zEMFu9vQEFlv0IOrytICA=="
      },
      "System.Text.Encodings.Web": {
        "type": "Transitive",
        "resolved": "9.0.18",
        "contentHash": "Uqybp2r2zFvSDKckcr30TbXRrjW16ihRFzdHVC8Jo8DwkRDJfBuPkXS7hqcUwRYE3ItHKeyfcbq/SpExNPuE2Q=="
      },
      "System.Text.Json": {
        "type": "Transitive",
        "resolved": "9.0.18",
        "contentHash": "/xX8vajlGUp1FoGSNUJBJS+E/2TQjmcMoUzHePa+coPdLnFGPcolRHlybSZhKyAKj+sNDSFlLNYYLe8aEOElfA==",
        "dependencies": {
          "System.IO.Pipelines": "9.0.18",
          "System.Text.Encodings.Web": "9.0.18"
        }
      },
      "xunit.analyzers": {
        "type": "Transitive",
        "resolved": "1.27.0",
        "contentHash": "y/pxIQaLvk/kxAoDkZW9GnHLCEqzwl5TW0vtX3pweyQpjizB9y3DXhb9pkw2dGeUqhLjsxvvJM1k89JowU6z3g=="
      },
      "xunit.v3.assert": {
        "type": "Transitive",
        "resolved": "3.2.2",
        "contentHash": "BPciBghgEEaJN/JG00QfCYDfEfnLgQhfnYEy+j1izoeHVNYd5+3Wm8GJ6JgYysOhpBPYGE+sbf75JtrRc7jrdA=="
      },
      "xunit.v3.common": {
        "type": "Transitive",
        "resolved": "3.2.2",
        "contentHash": "Hj775PEH6GTbbg0wfKRvG2hNspDCvTH9irXhH4qIWgdrOSV1sQlqPie+DOvFeigsFg2fxSM3ZAaaCDQs+KreFA==",
        "dependencies": {
          "Microsoft.Bcl.AsyncInterfaces": "6.0.0"
        }
      },
      "xunit.v3.core.mtp-v1": {
        "type": "Transitive",
        "resolved": "3.2.2",
        "contentHash": "Ga5aA2Ca9ktz+5k3g5ukzwfexwoqwDUpV6z7atSEUvqtd6JuybU1XopHqg1oFd78QdTfZgZE9h5sHpO4qYIi5w==",
        "dependencies": {
          "Microsoft.Testing.Extensions.Telemetry": "1.9.1",
          "Microsoft.Testing.Extensions.TrxReport.Abstractions": "1.9.1",
          "Microsoft.Testing.Platform": "1.9.1",
          "Microsoft.Testing.Platform.MSBuild": "1.9.1",
          "xunit.v3.extensibility.core": "[3.2.2]",
          "xunit.v3.runner.inproc.console": "[3.2.2]"
        }
      },
      "xunit.v3.extensibility.core": {
        "type": "Transitive",
        "resolved": "3.2.2",
        "contentHash": "srY8z/oMPvh/t8axtO2DwrHajhFMH7tnqKildvYrVQIfICi8fOn3yIBWkVPAcrKmHMwvXRJ/XsQM3VMR6DOYfQ==",
        "dependencies": {
          "xunit.v3.common": "[3.2.2]"
        }
      },
      "xunit.v3.mtp-v1": {
        "type": "Transitive",
        "resolved": "3.2.2",
        "contentHash": "O41aAzYKBT5PWqATa1oEWVNCyEUypFQ4va6K0kz37dduV3EKzXNMaV2UnEhufzU4Cce1I33gg0oldS8tGL5I0A==",
        "dependencies": {
          "xunit.analyzers": "1.27.0",
          "xunit.v3.assert": "[3.2.2]",
          "xunit.v3.core.mtp-v1": "[3.2.2]"
        }
      },
      "xunit.v3.runner.common": {
        "type": "Transitive",
        "resolved": "3.2.2",
        "contentHash": "/hkHkQCzGrugelOAehprm7RIWdsUFVmIVaD6jDH/8DNGCymTlKKPTbGokD5czbAfqfex47mBP0sb0zbHYwrO/g==",
        "dependencies": {
          "Microsoft.Win32.Registry": "[5.0.0]",
          "xunit.v3.common": "[3.2.2]"
        }
      },
      "xunit.v3.runner.inproc.console": {
        "type": "Transitive",
        "resolved": "3.2.2",
        "contentHash": "ulWOdSvCk+bPXijJZ73bth9NyoOHsAs1ZOvamYbCkD4DNLX/Bd29Ve2ZNUwBbK0MqfIYWXHZViy/HKrdEC/izw==",
        "dependencies": {
          "xunit.v3.extensibility.core": "[3.2.2]",
          "xunit.v3.runner.common": "[3.2.2]"
        }
      },
      "integracao.controlid.poc": {
        "type": "Project",
        "dependencies": {
          "Microsoft.EntityFrameworkCore": "[8.0.29, )",
          "Microsoft.EntityFrameworkCore.Sqlite": "[9.0.18, )",
          "Microsoft.Extensions.Configuration": "[8.0.0, )",
          "Microsoft.Extensions.Logging": "[9.0.18, )",
          "SQLitePCLRaw.bundle_e_sqlite3": "[2.1.12, )",
          "Serilog.AspNetCore": "[8.0.3, )",
          "Serilog.Settings.Configuration": "[8.0.4, )",
          "Serilog.Sinks.Console": "[6.1.1, )",
          "Serilog.Sinks.File": "[7.0.0, )",
          "Swashbuckle.AspNetCore": "[8.1.4, )"
        }
      }
    }
  }
}